{
  "name": "timerecorder",
  "lockfileVersion": 2,
  "requires": true,
  "packages": {
    "": {
      "dependencies": {
        "@jojoxd/mouse-event-emitter": "^1.0.0"
      }
    },
    "node_modules/@jojoxd/mouse-event-emitter": {
      "version": "1.0.0",
      "resolved": "https://registry.npmjs.org/@jojoxd/mouse-event-emitter/-/mouse-event-emitter-1.0.0.tgz",
      "integrity": "sha512-BKpOpdrEPkYverSg/kQRZkPIt/oin7Eb9odCSdfbZMl18kVM1DPSBSNefxKn3pHZCbnq75tfIkcYdiNeqVCQNw=="
    }
  },
  "dependencies": {
    "@jojoxd/mouse-event-emitter": {
      "version": "1.0.0",
      "resolved": "https://registry.npmjs.org/@jojoxd/mouse-event-emitter/-/mouse-event-emitter-1.0.0.tgz",
      "integrity": "sha512-BKpOpdrEPkYverSg/kQRZkPIt/oin7Eb9odCSdfbZMl18kVM1DPSBSNefxKn3pHZCbnq75tfIkcYdiNeqVCQNw=="
    }
  }
}
